
Microsoft Visual Studio Solution File, Format Version 12.00
# Visual Studio Version 17
VisualStudioVersion = 17.2.32526.322
MinimumVisualStudioVersion = 10.0.40219.1
Project("{FAE04EC0-301F-11D3-BF4B-00C04F79EFBC}") = "Haemimont-Interview", "Haemimont-Interview.csproj", "{5A855161-B7A0-4B25-92E4-F3BB4F82002D}"
EndProject
Global
	GlobalSection(SolutionConfigurationPlatforms) = preSolution
		Debug|Any CPU = Debug|Any CPU
		Release|Any CPU = Release|Any CPU
	EndGlobalSection
	GlobalSection(ProjectConfigurationPlatforms) = postSolution
		{5A855161-B7A0-4B25-92E4-F3BB4F82002D}.Debug|Any CPU.ActiveCfg = Debug|Any CPU
		{5A855161-B7A0-4B25-92E4-F3BB4F82002D}.Debug|Any CPU.Build.0 = Debug|Any CPU
		{5A855161-B7A0-4B25-92E4-F3BB4F82002D}.Release|Any CPU.ActiveCfg = Release|Any CPU
		{5A855161-B7A0-4B25-92E4-F3BB4F82002D}.Release|Any CPU.Build.0 = Release|Any CPU
	EndGlobalSection
	GlobalSection(SolutionProperties) = preSolution
		HideSolutionNode = FALSE
	EndGlobalSection
	GlobalSection(ExtensibilityGlobals) = postSolution
		SolutionGuid = {7BD72DAE-9093-417B-88A9-7FBBE21118F0}
	EndGlobalSection
EndGlobal
